// !$*UTF8*$!
{
	archiveVersion = 1;
	classes = {
	};
	objectVersion = 50;
	objects = {

/* Begin PBXBuildFile section */
		252B862522A63ABA0090443A /* ARMainViewController.swift in Sources */ = {isa = PBXBuildFile; fileRef = 252B862422A63ABA0090443A /* ARMainViewController.swift */; };
		25E7652322A5FCDB007CB82A /* AppDelegate.swift in Sources */ = {isa = PBXBuildFile; fileRef = 25E7652222A5FCDB007CB82A /* AppDelegate.swift */; };
		25E7652522A5FCDB007CB82A /* SceneDelegate.swift in Sources */ = {isa = PBXBuildFile; fileRef = 25E7652422A5FCDB007CB82A /* SceneDelegate.swift */; };
		25E7652A22A5FCDB007CB82A /* Main.storyboard in Resources */ = {isa = PBXBuildFile; fileRef = 25E7652822A5FCDB007CB82A /* Main.storyboard */; };
		25E7652C22A5FCDD007CB82A /* Assets.xcassets in Resources */ = {isa = PBXBuildFile; fileRef = 25E7652B22A5FCDD007CB82A /* Assets.xcassets */; };
		25E7652F22A5FCDD007CB82A /* LaunchScreen.storyboard in Resources */ = {isa = PBXBuildFile; fileRef = 25E7652D22A5FCDD007CB82A /* LaunchScreen.storyboard */; };
		25E7653722A5FD3E007CB82A /* Extension.swift in Sources */ = {isa = PBXBuildFile; fileRef = 25E7653622A5FD3E007CB82A /* Extension.swift */; };
/* End PBXBuildFile section */

/* Begin PBXFileReference section */
		252B862422A63ABA0090443A /* ARMainViewController.swift */ = {isa = PBXFileReference; lastKnownFileType = sourcecode.swift; path = ARMainViewController.swift; sourceTree = "<group>"; };
		25E7651F22A5FCDB007CB82A /* AR_practice_1.app */ = {isa = PBXFileReference; explicitFileType = wrapper.application; includeInIndex = 0; path = AR_practice_1.app; sourceTree = BUILT_PRODUCTS_DIR; };
		25E7652222A5FCDB007CB82A /* AppDelegate.swift */ = {isa = PBXFileReference; lastKnownFileType = sourcecode.swift; path = AppDelegate.swift; sourceTree = "<group>"; };
		25E7652422A5FCDB007CB82A /* SceneDelegate.swift */ = {isa = PBXFileReference; lastKnownFileType = sourcecode.swift; path = SceneDelegate.swift; sourceTree = "<group>"; };
		25E7652922A5FCDB007CB82A /* Base */ = {isa = PBXFileReference; lastKnownFileType = file.storyboard; name = Base; path = Base.lproj/Main.storyboard; sourceTree = "<group>"; };
		25E7652B22A5FCDD007CB82A /* Assets.xcassets */ = {isa = PBXFileReference; lastKnownFileType = folder.assetcatalog; path = Assets.xcassets; sourceTree = "<group>"; };
		25E7652E22A5FCDD007CB82A /* Base */ = {isa = PBXFileReference; lastKnownFileType = file.storyboard; name = Base; path = Base.lproj/LaunchScreen.storyboard; sourceTree = "<group>"; };
		25E7653022A5FCDD007CB82A /* Info.plist */ = {isa = PBXFileReference; lastKnownFileType = text.plist.xml; path = Info.plist; sourceTree = "<group>"; };
		25E7653622A5FD3E007CB82A /* Extension.swift */ = {isa = PBXFileReference; lastKnownFileType = sourcecode.swift; path = Extension.swift; sourceTree = "<group>"; };
/* End PBXFileReference section */

/* Begin PBXFrameworksBuildPhase section */
		25E7651C22A5FCDB007CB82A /* Frameworks */ = {
			isa = PBXFrameworksBuildPhase;
			buildActionMask = 2147483647;
			files = (
			);
			runOnlyForDeploymentPostprocessing = 0;
		};
/* End PBXFrameworksBuildPhase section */

/* Begin PBXGroup section */
		25E7651622A5FCDB007CB82A = {
			isa = PBXGroup;
			children = (
				25E7652122A5FCDB007CB82A /* AR_practice_1 */,
				25E7652022A5FCDB007CB82A /* Products */,
			);
			sourceTree = "<group>";
		};
		25E7652022A5FCDB007CB82A /* Products */ = {
			isa = PBXGroup;
			children = (
				25E7651F22A5FCDB007CB82A /* AR_practice_1.app */,
			);
			name = Products;
			sourceTree = "<group>";
		};
		25E7652122A5FCDB007CB82A /* AR_practice_1 */ = {
			isa = PBXGroup;
			children = (
				25E7653622A5FD3E007CB82A /* Extension.swift */,
				25E7652222A5FCDB007CB82A /* AppDelegate.swift */,
				25E7652422A5FCDB007CB82A /* SceneDelegate.swift */,
				252B862422A63ABA0090443A /* ARMainViewController.swift */,
				25E7652822A5FCDB007CB82A /* Main.storyboard */,
				25E7652B22A5FCDD007CB82A /* Assets.xcassets */,
				25E7652D22A5FCDD007CB82A /* LaunchScreen.storyboard */,
				25E7653022A5FCDD007CB82A /* Info.plist */,
			);
			path = AR_practice_1;
			sourceTree = "<group>";
		};
/* End PBXGroup section */

/* Begin PBXNativeTarget section */
		25E7651E22A5FCDB007CB82A /* AR_practice_1 */ = {
			isa = PBXNativeTarget;
			buildConfigurationList = 25E7653322A5FCDD007CB82A /* Build configuration list for PBXNativeTarget "AR_practice_1" */;
			buildPhases = (
				25E7651B22A5FCDB007CB82A /* Sources */,
				25E7651C22A5FCDB007CB82A /* Frameworks */,
				25E7651D22A5FCDB007CB82A /* Resources */,
			);
			buildRules = (
			);
			dependencies = (
			);
			name = AR_practice_1;
			productName = AR_practice_1;
			productReference = 25E7651F22A5FCDB007CB82A /* AR_practice_1.app */;
			productType = "com.apple.product-type.application";
		};
/* End PBXNativeTarget section */

/* Begin PBXProject section */
		25E7651722A5FCDB007CB82A /* Project object */ = {
			isa = PBXProject;
			attributes = {
				LastSwiftUpdateCheck = 1100;
				LastUpgradeCheck = 1100;
				ORGANIZATIONNAME = DevOS;
				TargetAttributes = {
					25E7651E22A5FCDB007CB82A = {
						CreatedOnToolsVersion = 11.0;
					};
				};
			};
			buildConfigurationList = 25E7651A22A5FCDB007CB82A /* Build configuration list for PBXProject "AR_practice_1" */;
			compatibilityVersion = "Xcode 9.3";
			developmentRegion = en;
			hasScannedForEncodings = 0;
			knownRegions = (
				en,
				Base,
			);
			mainGroup = 25E7651622A5FCDB007CB82A;
			productRefGroup = 25E7652022A5FCDB007CB82A /* Products */;
			projectDirPath = "";
			projectRoot = "";
			targets = (
				25E7651E22A5FCDB007CB82A /* AR_practice_1 */,
			);
		};
/* End PBXProject section */

/* Begin PBXResourcesBuildPhase section */
		25E7651D22A5FCDB007CB82A /* Resources */ = {
			isa = PBXResourcesBuildPhase;
			buildActionMask = 2147483647;
			files = (
				25E7652F22A5FCDD007CB82A /* LaunchScreen.storyboard in Resources */,
				25E7652C22A5FCDD007CB82A /* Assets.xcassets in Resources */,
				25E7652A22A5FCDB007CB82A /* Main.storyboard in Resources */,
			);
			runOnlyForDeploymentPostprocessing = 0;
		};
/* End PBXResourcesBuildPhase section */

/* Begin PBXSourcesBuildPhase section */
		25E7651B22A5FCDB007CB82A /* Sources */ = {
			isa = PBXSourcesBuildPhase;
			buildActionMask = 2147483647;
			files = (
				252B862522A63ABA0090443A /* ARMainViewController.swift in Sources */,
				25E7652322A5FCDB007CB82A /* AppDelegate.swift in Sources */,
				25E7652522A5FCDB007CB82A /* SceneDelegate.swift in Sources */,
				25E7653722A5FD3E007CB82A /* Extension.swift in Sources */,
			);
			runOnlyForDeploymentPostprocessing = 0;
		};
/* End PBXSourcesBuildPhase section */

/* Begin PBXVariantGroup section */
		25E7652822A5FCDB007CB82A /* Main.storyboard */ = {
			isa = PBXVariantGroup;
			children = (
				25E7652922A5FCDB007CB82A /* Base */,
			);
			name = Main.storyboard;
			sourceTree = "<group>";
		};
		25E7652D22A5FCDD007CB82A /* LaunchScreen.storyboard */ = {
			isa = PBXVariantGroup;
			children = (
				25E7652E22A5FCDD007CB82A /* Base */,
			);
			name = LaunchScreen.storyboard;
			sourceTree = "<group>";
		};
/* End PBXVariantGroup section */

/* Begin XCBuildConfiguration section */
		25E7653122A5FCDD007CB82A /* Debug */ = {
			isa = XCBuildConfiguration;
			buildSettings = {
				ALWAYS_SEARCH_USER_PATHS = NO;
				CLANG_ANALYZER_NONNULL = YES;
				CLANG_ANALYZER_NUMBER_OBJECT_CONVERSION = YES_AGGRESSIVE;
				CLANG_CXX_LANGUAGE_STANDARD = "gnu++14";
				CLANG_CXX_LIBRARY = "libc++";
				CLANG_ENABLE_MODULES = YES;
				CLANG_ENABLE_OBJC_ARC = YES;
				CLANG_ENABLE_OBJC_WEAK = YES;
				CLANG_WARN_BLOCK_CAPTURE_AUTORELEASING = YES;
				CLANG_WARN_BOOL_CONVERSION = YES;
				CLANG_WARN_COMMA = YES;
				CLANG_WARN_CONSTANT_CONVERSION = YES;
				CLANG_WARN_DEPRECATED_OBJC_IMPLEMENTATIONS = YES;
				CLANG_WARN_DIRECT_OBJC_ISA_USAGE = YES_ERROR;
				CLANG_WARN_DOCUMENTATION_COMMENTS = YES;
				CLANG_WARN_EMPTY_BODY = YES;
				CLANG_WARN_ENUM_CONVERSION = YES;
				CLANG_WARN_INFINITE_RECURSION = YES;
				CLANG_WARN_INT_CONVERSION = YES;
				CLANG_WARN_NON_LITERAL_NULL_CONVERSION = YES;
				CLANG_WARN_OBJC_IMPLICIT_RETAIN_SELF = YES;
				CLANG_WARN_OBJC_LITERAL_CONVERSION = YES;
				CLANG_WARN_OBJC_ROOT_CLASS = YES_ERROR;
				CLANG_WARN_RANGE_LOOP_ANALYSIS = YES;
				CLANG_WARN_STRICT_PROTOTYPES = YES;
				CLANG_WARN_SUSPICIOUS_MOVE = YES;
				CLANG_WARN_UNGUARDED_AVAILABILITY = YES_AGGRESSIVE;
				CLANG_WARN_UNREACHABLE_CODE = YES;
				CLANG_WARN__DUPLICATE_METHOD_MATCH = YES;
				COPY_PHASE_STRIP = NO;
				DEBUG_INFORMATION_FORMAT = dwarf;
				ENABLE_STRICT_OBJC_MSGSEND = YES;
				ENABLE_TESTABILITY = YES;
				GCC_C_LANGUAGE_STANDARD = gnu11;
				GCC_DYNAMIC_NO_PIC = NO;
				GCC_NO_COMMON_BLOCKS = YES;
				GCC_OPTIMIZATION_LEVEL = 0;
				GCC_PREPROCESSOR_DEFINITIONS = (
					"DEBUG=1",
					"$(inherited)",
				);
				GCC_WARN_64_TO_32_BIT_CONVERSION = YES;
				GCC_WARN_ABOUT_RETURN_TYPE = YES_ERROR;
				GCC_WARN_UNDECLARED_SELECTOR = YES;
				GCC_WARN_UNINITIALIZED_AUTOS = YES_AGGRESSIVE;
				GCC_WARN_UNUSED_FUNCTION = YES;
				GCC_WARN_UNUSED_VARIABLE = YES;
				IPHONEOS_DEPLOYMENT_TARGET = 13.0;
				MTL_ENABLE_DEBUG_INFO = INCLUDE_SOURCE;
				MTL_FAST_MATH = YES;
				ONLY_ACTIVE_ARCH = YES;
				SDKROOT = iphoneos;
				SWIFT_ACTIVE_COMPILATION_CONDITIONS = DEBUG;
				SWIFT_OPTIMIZATION_LEVEL = "-Onone";
			};
			name = Debug;
		};
		25E7653222A5FCDD007CB82A /* Release */ = {
			isa = XCBuildConfiguration;
			buildSettings = {
				ALWAYS_SEARCH_USER_PATHS = NO;
				CLANG_ANALYZER_NONNULL = YES;
				CLANG_ANALYZER_NUMBER_OBJECT_CONVERSION = YES_AGGRESSIVE;
				CLANG_CXX_LANGUAGE_STANDARD = "gnu++14";
				CLANG_CXX_LIBRARY = "libc++";
				CLANG_ENABLE_MODULES = YES;
				CLANG_ENABLE_OBJC_ARC = YES;
				CLANG_ENABLE_OBJC_WEAK = YES;
				CLANG_WARN_BLOCK_CAPTURE_AUTORELEASING = YES;
				CLANG_WARN_BOOL_CONVERSION = YES;
				CLANG_WARN_COMMA = YES;
				CLANG_WARN_CONSTANT_CONVERSION = YES;
				CLANG_WARN_DEPRECATED_OBJC_IMPLEMENTATIONS = YES;
				CLANG_WARN_DIRECT_OBJC_ISA_USAGE = YES_ERROR;
				CLANG_WARN_DOCUMENTATION_COMMENTS = YES;
				CLANG_WARN_EMPTY_BODY = YES;
				CLANG_WARN_ENUM_CONVERSION = YES;
				CLANG_WARN_INFINITE_RECURSION = YES;
				CLANG_WARN_INT_CONVERSION = YES;
				CLANG_WARN_NON_LITERAL_NULL_CONVERSION = YES;
				CLANG_WARN_OBJC_IMPLICIT_RETAIN_SELF = YES;
				CLANG_WARN_OBJC_LITERAL_CONVERSION = YES;
				CLANG_WARN_OBJC_ROOT_CLASS = YES_ERROR;
				CLANG_WARN_RANGE_LOOP_ANALYSIS = YES;
				CLANG_WARN_STRICT_PROTOTYPES = YES;
				CLANG_WARN_SUSPICIOUS_MOVE = YES;
				CLANG_WARN_UNGUARDED_AVAILABILITY = YES_AGGRESSIVE;
				CLANG_WARN_UNREACHABLE_CODE = YES;
				CLANG_WARN__DUPLICATE_METHOD_MATCH = YES;
				COPY_PHASE_STRIP = NO;
				DEBUG_INFORMATION_FORMAT = "dwarf-with-dsym";
				ENABLE_NS_ASSERTIONS = NO;
				ENABLE_STRICT_OBJC_MSGSEND = YES;
				GCC_C_LANGUAGE_STANDARD = gnu11;
				GCC_NO_COMMON_BLOCKS = YES;
				GCC_WARN_64_TO_32_BIT_CONVERSION = YES;
				GCC_WARN_ABOUT_RETURN_TYPE = YES_ERROR;
				GCC_WARN_UNDECLARED_SELECTOR = YES;
				GCC_WARN_UNINITIALIZED_AUTOS = YES_AGGRESSIVE;
				GCC_WARN_UNUSED_FUNCTION = YES;
				GCC_WARN_UNUSED_VARIABLE = YES;
				IPHONEOS_DEPLOYMENT_TARGET = 13.0;
				MTL_ENABLE_DEBUG_INFO = NO;
				MTL_FAST_MATH = YES;
				SDKROOT = iphoneos;
				SWIFT_COMPILATION_MODE = wholemodule;
				SWIFT_OPTIMIZATION_LEVEL = "-O";
				VALIDATE_PRODUCT = YES;
			};
			name = Release;
		};
		25E7653422A5FCDD007CB82A /* Debug */ = {
			isa = XCBuildConfiguration;
			buildSettings = {
				ASSETCATALOG_COMPILER_APPICON_NAME = AppIcon;
				CODE_SIGN_STYLE = Automatic;
				DEVELOPMENT_TEAM = 6MD343B76Q;
				INFOPLIST_FILE = AR_practice_1/Info.plist;
				IPHONEOS_DEPLOYMENT_TARGET = 13.0;
				LD_RUNPATH_SEARCH_PATHS = (
					"$(inherited)",
					"@executable_path/Frameworks",
				);
				PRODUCT_BUNDLE_IDENTIFIER = "com.kevinvu.AR-practice-1";
				PRODUCT_NAME = "$(TARGET_NAME)";
				SWIFT_VERSION = 5.0;
				TARGETED_DEVICE_FAMILY = "1,2";
			};
			name = Debug;
		};
		25E7653522A5FCDD007CB82A /* Release */ = {
			isa = XCBuildConfiguration;
			buildSettings = {
				ASSETCATALOG_COMPILER_APPICON_NAME = AppIcon;
				CODE_SIGN_STYLE = Automatic;
				DEVELOPMENT_TEAM = 6MD343B76Q;
				INFOPLIST_FILE = AR_practice_1/Info.plist;
				IPHONEOS_DEPLOYMENT_TARGET = 13.0;
				LD_RUNPATH_SEARCH_PATHS = (
					"$(inherited)",
					"@executable_path/Frameworks",
				);
				PRODUCT_BUNDLE_IDENTIFIER = "com.kevinvu.AR-practice-1";
				PRODUCT_NAME = "$(TARGET_NAME)";
				SWIFT_VERSION = 5.0;
				TARGETED_DEVICE_FAMILY = "1,2";
			};
			name = Release;
		};
/* End XCBuildConfiguration section */

/* Begin XCConfigurationList section */
		25E7651A22A5FCDB007CB82A /* Build configuration list for PBXProject "AR_practice_1" */ = {
			isa = XCConfigurationList;
			buildConfigurations = (
				25E7653122A5FCDD007CB82A /* Debug */,
				25E7653222A5FCDD007CB82A /* Release */,
			);
			defaultConfigurationIsVisible = 0;
			defaultConfigurationName = Release;
		};
		25E7653322A5FCDD007CB82A /* Build configuration list for PBXNativeTarget "AR_practice_1" */ = {
			isa = XCConfigurationList;
			buildConfigurations = (
				25E7653422A5FCDD007CB82A /* Debug */,
				25E7653522A5FCDD007CB82A /* Release */,
			);
			defaultConfigurationIsVisible = 0;
			defaultConfigurationName = Release;
		};
/* End XCConfigurationList section */
	};
	rootObject = 25E7651722A5FCDB007CB82A /* Project object */;
}
